// !$*UTF8*$!
{
	archiveVersion = 1;
	classes = {
	};
	objectVersion = 51;
	objects = {

/* Begin PBXBuildFile section */
		478B16B45BD2D853EF0B93AE /* Pods_SuperBeans.framework in Frameworks */ = {isa = PBXBuildFile; fileRef = 368B1CC115A5824B24B3DB9B /* Pods_SuperBeans.framework */; };
		B978A6EE234BA2DB009A12C3 /* ItemsTableViewController.swift in Sources */ = {isa = PBXBuildFile; fileRef = B978A6ED234BA2DB009A12C3 /* ItemsTableViewController.swift */; };
		B978A6F0234BA431009A12C3 /* Item.swift in Sources */ = {isa = PBXBuildFile; fileRef = B978A6EF234BA431009A12C3 /* Item.swift */; };
		B978A6F2234BAA66009A12C3 /* AddItemsViewController.swift in Sources */ = {isa = PBXBuildFile; fileRef = B978A6F1234BAA66009A12C3 /* AddItemsViewController.swift */; };
		B978A6F4234BE56C009A12C3 /* TestConnection.swift in Sources */ = {isa = PBXBuildFile; fileRef = B978A6F3234BE56C009A12C3 /* TestConnection.swift */; };
		B978A6F6234BE5D7009A12C3 /* ImageUploadDownload.swift in Sources */ = {isa = PBXBuildFile; fileRef = B978A6F5234BE5D7009A12C3 /* ImageUploadDownload.swift */; };
		B978A6F8234BF50C009A12C3 /* ItemTableViewCell.swift in Sources */ = {isa = PBXBuildFile; fileRef = B978A6F7234BF50C009A12C3 /* ItemTableViewCell.swift */; };
		B9981D42234E89CB003AB74B /* LocationsViewController.swift in Sources */ = {isa = PBXBuildFile; fileRef = B9981D41234E89CB003AB74B /* LocationsViewController.swift */; };
		B9981D44234E8B37003AB74B /* CustomUIElements.swift in Sources */ = {isa = PBXBuildFile; fileRef = B9981D43234E8B37003AB74B /* CustomUIElements.swift */; };
		B9A64ED6234A90DF00118FEA /* AppDelegate.swift in Sources */ = {isa = PBXBuildFile; fileRef = B9A64ED5234A90DF00118FEA /* AppDelegate.swift */; };
		B9A64ED8234A90DF00118FEA /* SceneDelegate.swift in Sources */ = {isa = PBXBuildFile; fileRef = B9A64ED7234A90DF00118FEA /* SceneDelegate.swift */; };
		B9A64EDD234A90DF00118FEA /* Main.storyboard in Resources */ = {isa = PBXBuildFile; fileRef = B9A64EDB234A90DF00118FEA /* Main.storyboard */; };
		B9A64EDF234A90E100118FEA /* Assets.xcassets in Resources */ = {isa = PBXBuildFile; fileRef = B9A64EDE234A90E100118FEA /* Assets.xcassets */; };
		B9A64EE2234A90E100118FEA /* LaunchScreen.storyboard in Resources */ = {isa = PBXBuildFile; fileRef = B9A64EE0234A90E100118FEA /* LaunchScreen.storyboard */; };
		B9A64EEC234A99A900118FEA /* CategoryCollectionViewController.swift in Sources */ = {isa = PBXBuildFile; fileRef = B9A64EEB234A99A900118FEA /* CategoryCollectionViewController.swift */; };
		B9A64EEE234A9A1E00118FEA /* CategoryCollectionViewCell.swift in Sources */ = {isa = PBXBuildFile; fileRef = B9A64EED234A9A1E00118FEA /* CategoryCollectionViewCell.swift */; };
		B9A64EF0234A9BC000118FEA /* FirebaseCollectionReference.swift in Sources */ = {isa = PBXBuildFile; fileRef = B9A64EEF234A9BC000118FEA /* FirebaseCollectionReference.swift */; };
		B9A64EF6234A9D0300118FEA /* Category.swift in Sources */ = {isa = PBXBuildFile; fileRef = B9A64EF5234A9D0300118FEA /* Category.swift */; };
		B9A64EF9234A9EB900118FEA /* Constants.swift in Sources */ = {isa = PBXBuildFile; fileRef = B9A64EF8234A9EB900118FEA /* Constants.swift */; };
		B9AFB84C23918CFB00576F53 /* Favourites.swift in Sources */ = {isa = PBXBuildFile; fileRef = B9AFB84B23918CFB00576F53 /* Favourites.swift */; };
		B9AFB84E23956C5200576F53 /* GoogleService-Info.plist in Resources */ = {isa = PBXBuildFile; fileRef = B9AFB84D23956C5200576F53 /* GoogleService-Info.plist */; };
		B9AFB8502395711B00576F53 /* HomeViewController.swift in Sources */ = {isa = PBXBuildFile; fileRef = B9AFB84F2395711B00576F53 /* HomeViewController.swift */; };
		B9CF141623759BEB00E016B7 /* Order.swift in Sources */ = {isa = PBXBuildFile; fileRef = B9CF141523759BEB00E016B7 /* Order.swift */; };
		B9F3F3C72350D836004E089C /* HelperFunctions.swift in Sources */ = {isa = PBXBuildFile; fileRef = B9F3F3C62350D836004E089C /* HelperFunctions.swift */; };
		B9F3F3C92350DF3D004E089C /* ItemDetailsViewController.swift in Sources */ = {isa = PBXBuildFile; fileRef = B9F3F3C82350DF3D004E089C /* ItemDetailsViewController.swift */; };
		B9F3F3CB2350E43F004E089C /* DetailImageCollectionViewCell.swift in Sources */ = {isa = PBXBuildFile; fileRef = B9F3F3CA2350E43F004E089C /* DetailImageCollectionViewCell.swift */; };
		B9F3F3CD2350FE56004E089C /* Basket.swift in Sources */ = {isa = PBXBuildFile; fileRef = B9F3F3CC2350FE56004E089C /* Basket.swift */; };
		B9F3F3CF23510B52004E089C /* BasketViewController.swift in Sources */ = {isa = PBXBuildFile; fileRef = B9F3F3CE23510B52004E089C /* BasketViewController.swift */; };
/* End PBXBuildFile section */

/* Begin PBXFileReference section */
		30F6F09534165CC07C315239 /* Pods-SuperBeans.debug.xcconfig */ = {isa = PBXFileReference; includeInIndex = 1; lastKnownFileType = text.xcconfig; name = "Pods-SuperBeans.debug.xcconfig"; path = "Target Support Files/Pods-SuperBeans/Pods-SuperBeans.debug.xcconfig"; sourceTree = "<group>"; };
		368B1CC115A5824B24B3DB9B /* Pods_SuperBeans.framework */ = {isa = PBXFileReference; explicitFileType = wrapper.framework; includeInIndex = 0; path = Pods_SuperBeans.framework; sourceTree = BUILT_PRODUCTS_DIR; };
		57012F36449EBE8F29F6A745 /* Pods-SuperBeans.release.xcconfig */ = {isa = PBXFileReference; includeInIndex = 1; lastKnownFileType = text.xcconfig; name = "Pods-SuperBeans.release.xcconfig"; path = "Target Support Files/Pods-SuperBeans/Pods-SuperBeans.release.xcconfig"; sourceTree = "<group>"; };
		B978A6ED234BA2DB009A12C3 /* ItemsTableViewController.swift */ = {isa = PBXFileReference; lastKnownFileType = sourcecode.swift; path = ItemsTableViewController.swift; sourceTree = "<group>"; };
		B978A6EF234BA431009A12C3 /* Item.swift */ = {isa = PBXFileReference; lastKnownFileType = sourcecode.swift; path = Item.swift; sourceTree = "<group>"; };
		B978A6F1234BAA66009A12C3 /* AddItemsViewController.swift */ = {isa = PBXFileReference; lastKnownFileType = sourcecode.swift; path = AddItemsViewController.swift; sourceTree = "<group>"; };
		B978A6F3234BE56C009A12C3 /* TestConnection.swift */ = {isa = PBXFileReference; lastKnownFileType = sourcecode.swift; path = TestConnection.swift; sourceTree = "<group>"; };
		B978A6F5234BE5D7009A12C3 /* ImageUploadDownload.swift */ = {isa = PBXFileReference; lastKnownFileType = sourcecode.swift; path = ImageUploadDownload.swift; sourceTree = "<group>"; };
		B978A6F7234BF50C009A12C3 /* ItemTableViewCell.swift */ = {isa = PBXFileReference; lastKnownFileType = sourcecode.swift; path = ItemTableViewCell.swift; sourceTree = "<group>"; };
		B9981D41234E89CB003AB74B /* LocationsViewController.swift */ = {isa = PBXFileReference; lastKnownFileType = sourcecode.swift; path = LocationsViewController.swift; sourceTree = "<group>"; };
		B9981D43234E8B37003AB74B /* CustomUIElements.swift */ = {isa = PBXFileReference; lastKnownFileType = sourcecode.swift; path = CustomUIElements.swift; sourceTree = "<group>"; };
		B9A64ED2234A90DF00118FEA /* SuperBeans.app */ = {isa = PBXFileReference; explicitFileType = wrapper.application; includeInIndex = 0; path = SuperBeans.app; sourceTree = BUILT_PRODUCTS_DIR; };
		B9A64ED5234A90DF00118FEA /* AppDelegate.swift */ = {isa = PBXFileReference; lastKnownFileType = sourcecode.swift; path = AppDelegate.swift; sourceTree = "<group>"; };
		B9A64ED7234A90DF00118FEA /* SceneDelegate.swift */ = {isa = PBXFileReference; lastKnownFileType = sourcecode.swift; path = SceneDelegate.swift; sourceTree = "<group>"; };
		B9A64EDC234A90DF00118FEA /* Base */ = {isa = PBXFileReference; lastKnownFileType = file.storyboard; name = Base; path = Base.lproj/Main.storyboard; sourceTree = "<group>"; };
		B9A64EDE234A90E100118FEA /* Assets.xcassets */ = {isa = PBXFileReference; lastKnownFileType = folder.assetcatalog; path = Assets.xcassets; sourceTree = "<group>"; };
		B9A64EE1234A90E100118FEA /* Base */ = {isa = PBXFileReference; lastKnownFileType = file.storyboard; name = Base; path = Base.lproj/LaunchScreen.storyboard; sourceTree = "<group>"; };
		B9A64EE3234A90E100118FEA /* Info.plist */ = {isa = PBXFileReference; lastKnownFileType = text.plist.xml; path = Info.plist; sourceTree = "<group>"; };
		B9A64EEB234A99A900118FEA /* CategoryCollectionViewController.swift */ = {isa = PBXFileReference; lastKnownFileType = sourcecode.swift; path = CategoryCollectionViewController.swift; sourceTree = "<group>"; };
		B9A64EED234A9A1E00118FEA /* CategoryCollectionViewCell.swift */ = {isa = PBXFileReference; lastKnownFileType = sourcecode.swift; path = CategoryCollectionViewCell.swift; sourceTree = "<group>"; };
		B9A64EEF234A9BC000118FEA /* FirebaseCollectionReference.swift */ = {isa = PBXFileReference; lastKnownFileType = sourcecode.swift; path = FirebaseCollectionReference.swift; sourceTree = "<group>"; };
		B9A64EF5234A9D0300118FEA /* Category.swift */ = {isa = PBXFileReference; lastKnownFileType = sourcecode.swift; path = Category.swift; sourceTree = "<group>"; };
		B9A64EF8234A9EB900118FEA /* Constants.swift */ = {isa = PBXFileReference; lastKnownFileType = sourcecode.swift; path = Constants.swift; sourceTree = "<group>"; };
		B9AFB84B23918CFB00576F53 /* Favourites.swift */ = {isa = PBXFileReference; lastKnownFileType = sourcecode.swift; path = Favourites.swift; sourceTree = "<group>"; };
		B9AFB84D23956C5200576F53 /* GoogleService-Info.plist */ = {isa = PBXFileReference; fileEncoding = 4; lastKnownFileType = text.plist.xml; path = "GoogleService-Info.plist"; sourceTree = "<group>"; };
		B9AFB84F2395711B00576F53 /* HomeViewController.swift */ = {isa = PBXFileReference; lastKnownFileType = sourcecode.swift; path = HomeViewController.swift; sourceTree = "<group>"; };
		B9CF141523759BEB00E016B7 /* Order.swift */ = {isa = PBXFileReference; lastKnownFileType = sourcecode.swift; path = Order.swift; sourceTree = "<group>"; };
		B9F3F3C62350D836004E089C /* HelperFunctions.swift */ = {isa = PBXFileReference; lastKnownFileType = sourcecode.swift; path = HelperFunctions.swift; sourceTree = "<group>"; };
		B9F3F3C82350DF3D004E089C /* ItemDetailsViewController.swift */ = {isa = PBXFileReference; lastKnownFileType = sourcecode.swift; path = ItemDetailsViewController.swift; sourceTree = "<group>"; };
		B9F3F3CA2350E43F004E089C /* DetailImageCollectionViewCell.swift */ = {isa = PBXFileReference; lastKnownFileType = sourcecode.swift; path = DetailImageCollectionViewCell.swift; sourceTree = "<group>"; };
		B9F3F3CC2350FE56004E089C /* Basket.swift */ = {isa = PBXFileReference; lastKnownFileType = sourcecode.swift; path = Basket.swift; sourceTree = "<group>"; };
		B9F3F3CE23510B52004E089C /* BasketViewController.swift */ = {isa = PBXFileReference; lastKnownFileType = sourcecode.swift; path = BasketViewController.swift; sourceTree = "<group>"; };
/* End PBXFileReference section */

/* Begin PBXFrameworksBuildPhase section */
		B9A64ECF234A90DF00118FEA /* Frameworks */ = {
			isa = PBXFrameworksBuildPhase;
			buildActionMask = 2147483647;
			files = (
				478B16B45BD2D853EF0B93AE /* Pods_SuperBeans.framework in Frameworks */,
			);
			runOnlyForDeploymentPostprocessing = 0;
		};
/* End PBXFrameworksBuildPhase section */

/* Begin PBXGroup section */
		07176816068456C260DA97B4 /* Frameworks */ = {
			isa = PBXGroup;
			children = (
				368B1CC115A5824B24B3DB9B /* Pods_SuperBeans.framework */,
			);
			name = Frameworks;
			sourceTree = "<group>";
		};
		43216A62A616F875439BB427 /* Pods */ = {
			isa = PBXGroup;
			children = (
				30F6F09534165CC07C315239 /* Pods-SuperBeans.debug.xcconfig */,
				57012F36449EBE8F29F6A745 /* Pods-SuperBeans.release.xcconfig */,
			);
			name = Pods;
			path = Pods;
			sourceTree = "<group>";
		};
		B9A64EC9234A90DF00118FEA = {
			isa = PBXGroup;
			children = (
				B9A64ED4234A90DF00118FEA /* SuperBeans */,
				B9A64ED3234A90DF00118FEA /* Products */,
				43216A62A616F875439BB427 /* Pods */,
				07176816068456C260DA97B4 /* Frameworks */,
			);
			sourceTree = "<group>";
		};
		B9A64ED3234A90DF00118FEA /* Products */ = {
			isa = PBXGroup;
			children = (
				B9A64ED2234A90DF00118FEA /* SuperBeans.app */,
			);
			name = Products;
			sourceTree = "<group>";
		};
		B9A64ED4234A90DF00118FEA /* SuperBeans */ = {
			isa = PBXGroup;
			children = (
				B9A64ED5234A90DF00118FEA /* AppDelegate.swift */,
				B9A64ED7234A90DF00118FEA /* SceneDelegate.swift */,
				B9A64EF7234A9D0800118FEA /* Model */,
				B9A64EF3234A9CCF00118FEA /* Main Views */,
				B9A64EF4234A9CDC00118FEA /* Custom Cells */,
				B9A64EF2234A9CB900118FEA /* Helpers */,
				B9A64EDB234A90DF00118FEA /* Main.storyboard */,
				B9A64EDE234A90E100118FEA /* Assets.xcassets */,
				B9A64EE0234A90E100118FEA /* LaunchScreen.storyboard */,
				B9A64EE3234A90E100118FEA /* Info.plist */,
				B9AFB84D23956C5200576F53 /* GoogleService-Info.plist */,
			);
			path = SuperBeans;
			sourceTree = "<group>";
		};
		B9A64EF2234A9CB900118FEA /* Helpers */ = {
			isa = PBXGroup;
			children = (
				B9A64EEF234A9BC000118FEA /* FirebaseCollectionReference.swift */,
				B9A64EF8234A9EB900118FEA /* Constants.swift */,
				B978A6F3234BE56C009A12C3 /* TestConnection.swift */,
				B978A6F5234BE5D7009A12C3 /* ImageUploadDownload.swift */,
				B9981D43234E8B37003AB74B /* CustomUIElements.swift */,
				B9F3F3C62350D836004E089C /* HelperFunctions.swift */,
			);
			path = Helpers;
			sourceTree = "<group>";
		};
		B9A64EF3234A9CCF00118FEA /* Main Views */ = {
			isa = PBXGroup;
			children = (
				B9A64EEB234A99A900118FEA /* CategoryCollectionViewController.swift */,
				B978A6ED234BA2DB009A12C3 /* ItemsTableViewController.swift */,
				B978A6F1234BAA66009A12C3 /* AddItemsViewController.swift */,
				B9981D41234E89CB003AB74B /* LocationsViewController.swift */,
				B9F3F3C82350DF3D004E089C /* ItemDetailsViewController.swift */,
				B9F3F3CE23510B52004E089C /* BasketViewController.swift */,
				B9AFB84F2395711B00576F53 /* HomeViewController.swift */,
			);
			path = "Main Views";
			sourceTree = "<group>";
		};
		B9A64EF4234A9CDC00118FEA /* Custom Cells */ = {
			isa = PBXGroup;
			children = (
				B9A64EED234A9A1E00118FEA /* CategoryCollectionViewCell.swift */,
				B978A6F7234BF50C009A12C3 /* ItemTableViewCell.swift */,
				B9F3F3CA2350E43F004E089C /* DetailImageCollectionViewCell.swift */,
			);
			path = "Custom Cells";
			sourceTree = "<group>";
		};
		B9A64EF7234A9D0800118FEA /* Model */ = {
			isa = PBXGroup;
			children = (
				B9A64EF5234A9D0300118FEA /* Category.swift */,
				B978A6EF234BA431009A12C3 /* Item.swift */,
				B9F3F3CC2350FE56004E089C /* Basket.swift */,
				B9CF141523759BEB00E016B7 /* Order.swift */,
				B9AFB84B23918CFB00576F53 /* Favourites.swift */,
			);
			path = Model;
			sourceTree = "<group>";
		};
/* End PBXGroup section */

/* Begin PBXNativeTarget section */
		B9A64ED1234A90DF00118FEA /* SuperBeans */ = {
			isa = PBXNativeTarget;
			buildConfigurationList = B9A64EE6234A90E100118FEA /* Build configuration list for PBXNativeTarget "SuperBeans" */;
			buildPhases = (
				D1B1929BE35FB0C8962D18D9 /* [CP] Check Pods Manifest.lock */,
				B9A64ECE234A90DF00118FEA /* Sources */,
				B9A64ECF234A90DF00118FEA /* Frameworks */,
				B9A64ED0234A90DF00118FEA /* Resources */,
				F9A589351E04B17A200F72A9 /* [CP] Embed Pods Frameworks */,
			);
			buildRules = (
			);
			dependencies = (
			);
			name = SuperBeans;
			productName = TestStore;
			productReference = B9A64ED2234A90DF00118FEA /* SuperBeans.app */;
			productType = "com.apple.product-type.application";
		};
/* End PBXNativeTarget section */

/* Begin PBXProject section */
		B9A64ECA234A90DF00118FEA /* Project object */ = {
			isa = PBXProject;
			attributes = {
				LastSwiftUpdateCheck = 1100;
				LastUpgradeCheck = 1100;
				ORGANIZATIONNAME = "Karl McGeough";
				TargetAttributes = {
					B9A64ED1234A90DF00118FEA = {
						CreatedOnToolsVersion = 11.0;
					};
				};
			};
			buildConfigurationList = B9A64ECD234A90DF00118FEA /* Build configuration list for PBXProject "SuperBeans" */;
			compatibilityVersion = "Xcode 9.3";
			developmentRegion = en;
			hasScannedForEncodings = 0;
			knownRegions = (
				en,
				Base,
			);
			mainGroup = B9A64EC9234A90DF00118FEA;
			productRefGroup = B9A64ED3234A90DF00118FEA /* Products */;
			projectDirPath = "";
			projectRoot = "";
			targets = (
				B9A64ED1234A90DF00118FEA /* SuperBeans */,
			);
		};
/* End PBXProject section */

/* Begin PBXResourcesBuildPhase section */
		B9A64ED0234A90DF00118FEA /* Resources */ = {
			isa = PBXResourcesBuildPhase;
			buildActionMask = 2147483647;
			files = (
				B9A64EE2234A90E100118FEA /* LaunchScreen.storyboard in Resources */,
				B9A64EDF234A90E100118FEA /* Assets.xcassets in Resources */,
				B9AFB84E23956C5200576F53 /* GoogleService-Info.plist in Resources */,
				B9A64EDD234A90DF00118FEA /* Main.storyboard in Resources */,
			);
			runOnlyForDeploymentPostprocessing = 0;
		};
/* End PBXResourcesBuildPhase section */

/* Begin PBXShellScriptBuildPhase section */
		D1B1929BE35FB0C8962D18D9 /* [CP] Check Pods Manifest.lock */ = {
			isa = PBXShellScriptBuildPhase;
			buildActionMask = 2147483647;
			files = (
			);
			inputFileListPaths = (
			);
			inputPaths = (
				"${PODS_PODFILE_DIR_PATH}/Podfile.lock",
				"${PODS_ROOT}/Manifest.lock",
			);
			name = "[CP] Check Pods Manifest.lock";
			outputFileListPaths = (
			);
			outputPaths = (
				"$(DERIVED_FILE_DIR)/Pods-SuperBeans-checkManifestLockResult.txt",
			);
			runOnlyForDeploymentPostprocessing = 0;
			shellPath = /bin/sh;
			shellScript = "diff \"${PODS_PODFILE_DIR_PATH}/Podfile.lock\" \"${PODS_ROOT}/Manifest.lock\" > /dev/null\nif [ $? != 0 ] ; then\n    # print error to STDERR\n    echo \"error: The sandbox is not in sync with the Podfile.lock. Run 'pod install' or update your CocoaPods installation.\" >&2\n    exit 1\nfi\n# This output is used by Xcode 'outputs' to avoid re-running this script phase.\necho \"SUCCESS\" > \"${SCRIPT_OUTPUT_FILE_0}\"\n";
			showEnvVarsInLog = 0;
		};
		F9A589351E04B17A200F72A9 /* [CP] Embed Pods Frameworks */ = {
			isa = PBXShellScriptBuildPhase;
			buildActionMask = 2147483647;
			files = (
			);
			inputFileListPaths = (
				"${PODS_ROOT}/Target Support Files/Pods-SuperBeans/Pods-SuperBeans-frameworks-${CONFIGURATION}-input-files.xcfilelist",
			);
			name = "[CP] Embed Pods Frameworks";
			outputFileListPaths = (
				"${PODS_ROOT}/Target Support Files/Pods-SuperBeans/Pods-SuperBeans-frameworks-${CONFIGURATION}-output-files.xcfilelist",
			);
			runOnlyForDeploymentPostprocessing = 0;
			shellPath = /bin/sh;
			shellScript = "\"${PODS_ROOT}/Target Support Files/Pods-SuperBeans/Pods-SuperBeans-frameworks.sh\"\n";
			showEnvVarsInLog = 0;
		};
/* End PBXShellScriptBuildPhase section */

/* Begin PBXSourcesBuildPhase section */
		B9A64ECE234A90DF00118FEA /* Sources */ = {
			isa = PBXSourcesBuildPhase;
			buildActionMask = 2147483647;
			files = (
				B9F3F3C92350DF3D004E089C /* ItemDetailsViewController.swift in Sources */,
				B9A64EEE234A9A1E00118FEA /* CategoryCollectionViewCell.swift in Sources */,
				B978A6F0234BA431009A12C3 /* Item.swift in Sources */,
				B9A64ED6234A90DF00118FEA /* AppDelegate.swift in Sources */,
				B978A6F2234BAA66009A12C3 /* AddItemsViewController.swift in Sources */,
				B9F3F3CD2350FE56004E089C /* Basket.swift in Sources */,
				B9AFB8502395711B00576F53 /* HomeViewController.swift in Sources */,
				B9CF141623759BEB00E016B7 /* Order.swift in Sources */,
				B9AFB84C23918CFB00576F53 /* Favourites.swift in Sources */,
				B978A6F4234BE56C009A12C3 /* TestConnection.swift in Sources */,
				B978A6EE234BA2DB009A12C3 /* ItemsTableViewController.swift in Sources */,
				B978A6F8234BF50C009A12C3 /* ItemTableViewCell.swift in Sources */,
				B9981D42234E89CB003AB74B /* LocationsViewController.swift in Sources */,
				B9F3F3CF23510B52004E089C /* BasketViewController.swift in Sources */,
				B9F3F3CB2350E43F004E089C /* DetailImageCollectionViewCell.swift in Sources */,
				B9A64EF0234A9BC000118FEA /* FirebaseCollectionReference.swift in Sources */,
				B9F3F3C72350D836004E089C /* HelperFunctions.swift in Sources */,
				B9A64ED8234A90DF00118FEA /* SceneDelegate.swift in Sources */,
				B978A6F6234BE5D7009A12C3 /* ImageUploadDownload.swift in Sources */,
				B9981D44234E8B37003AB74B /* CustomUIElements.swift in Sources */,
				B9A64EF9234A9EB900118FEA /* Constants.swift in Sources */,
				B9A64EEC234A99A900118FEA /* CategoryCollectionViewController.swift in Sources */,
				B9A64EF6234A9D0300118FEA /* Category.swift in Sources */,
			);
			runOnlyForDeploymentPostprocessing = 0;
		};
/* End PBXSourcesBuildPhase section */

/* Begin PBXVariantGroup section */
		B9A64EDB234A90DF00118FEA /* Main.storyboard */ = {
			isa = PBXVariantGroup;
			children = (
				B9A64EDC234A90DF00118FEA /* Base */,
			);
			name = Main.storyboard;
			sourceTree = "<group>";
		};
		B9A64EE0234A90E100118FEA /* LaunchScreen.storyboard */ = {
			isa = PBXVariantGroup;
			children = (
				B9A64EE1234A90E100118FEA /* Base */,
			);
			name = LaunchScreen.storyboard;
			sourceTree = "<group>";
		};
/* End PBXVariantGroup section */

/* Begin XCBuildConfiguration section */
		B9A64EE4234A90E100118FEA /* Debug */ = {
			isa = XCBuildConfiguration;
			buildSettings = {
				ALWAYS_SEARCH_USER_PATHS = NO;
				CLANG_ANALYZER_NONNULL = YES;
				CLANG_ANALYZER_NUMBER_OBJECT_CONVERSION = YES_AGGRESSIVE;
				CLANG_CXX_LANGUAGE_STANDARD = "gnu++14";
				CLANG_CXX_LIBRARY = "libc++";
				CLANG_ENABLE_MODULES = YES;
				CLANG_ENABLE_OBJC_ARC = YES;
				CLANG_ENABLE_OBJC_WEAK = YES;
				CLANG_WARN_BLOCK_CAPTURE_AUTORELEASING = YES;
				CLANG_WARN_BOOL_CONVERSION = YES;
				CLANG_WARN_COMMA = YES;
				CLANG_WARN_CONSTANT_CONVERSION = YES;
				CLANG_WARN_DEPRECATED_OBJC_IMPLEMENTATIONS = YES;
				CLANG_WARN_DIRECT_OBJC_ISA_USAGE = YES_ERROR;
				CLANG_WARN_DOCUMENTATION_COMMENTS = YES;
				CLANG_WARN_EMPTY_BODY = YES;
				CLANG_WARN_ENUM_CONVERSION = YES;
				CLANG_WARN_INFINITE_RECURSION = YES;
				CLANG_WARN_INT_CONVERSION = YES;
				CLANG_WARN_NON_LITERAL_NULL_CONVERSION = YES;
				CLANG_WARN_OBJC_IMPLICIT_RETAIN_SELF = YES;
				CLANG_WARN_OBJC_LITERAL_CONVERSION = YES;
				CLANG_WARN_OBJC_ROOT_CLASS = YES_ERROR;
				CLANG_WARN_RANGE_LOOP_ANALYSIS = YES;
				CLANG_WARN_STRICT_PROTOTYPES = YES;
				CLANG_WARN_SUSPICIOUS_MOVE = YES;
				CLANG_WARN_UNGUARDED_AVAILABILITY = YES_AGGRESSIVE;
				CLANG_WARN_UNREACHABLE_CODE = YES;
				CLANG_WARN__DUPLICATE_METHOD_MATCH = YES;
				COPY_PHASE_STRIP = NO;
				DEBUG_INFORMATION_FORMAT = dwarf;
				ENABLE_STRICT_OBJC_MSGSEND = YES;
				ENABLE_TESTABILITY = YES;
				GCC_C_LANGUAGE_STANDARD = gnu11;
				GCC_DYNAMIC_NO_PIC = NO;
				GCC_NO_COMMON_BLOCKS = YES;
				GCC_OPTIMIZATION_LEVEL = 0;
				GCC_PREPROCESSOR_DEFINITIONS = (
					"DEBUG=1",
					"$(inherited)",
				);
				GCC_WARN_64_TO_32_BIT_CONVERSION = YES;
				GCC_WARN_ABOUT_RETURN_TYPE = YES_ERROR;
				GCC_WARN_UNDECLARED_SELECTOR = YES;
				GCC_WARN_UNINITIALIZED_AUTOS = YES_AGGRESSIVE;
				GCC_WARN_UNUSED_FUNCTION = YES;
				GCC_WARN_UNUSED_VARIABLE = YES;
				IPHONEOS_DEPLOYMENT_TARGET = 13.0;
				MTL_ENABLE_DEBUG_INFO = INCLUDE_SOURCE;
				MTL_FAST_MATH = YES;
				ONLY_ACTIVE_ARCH = YES;
				SDKROOT = iphoneos;
				SWIFT_ACTIVE_COMPILATION_CONDITIONS = DEBUG;
				SWIFT_OPTIMIZATION_LEVEL = "-Onone";
			};
			name = Debug;
		};
		B9A64EE5234A90E100118FEA /* Release */ = {
			isa = XCBuildConfiguration;
			buildSettings = {
				ALWAYS_SEARCH_USER_PATHS = NO;
				CLANG_ANALYZER_NONNULL = YES;
				CLANG_ANALYZER_NUMBER_OBJECT_CONVERSION = YES_AGGRESSIVE;
				CLANG_CXX_LANGUAGE_STANDARD = "gnu++14";
				CLANG_CXX_LIBRARY = "libc++";
				CLANG_ENABLE_MODULES = YES;
				CLANG_ENABLE_OBJC_ARC = YES;
				CLANG_ENABLE_OBJC_WEAK = YES;
				CLANG_WARN_BLOCK_CAPTURE_AUTORELEASING = YES;
				CLANG_WARN_BOOL_CONVERSION = YES;
				CLANG_WARN_COMMA = YES;
				CLANG_WARN_CONSTANT_CONVERSION = YES;
				CLANG_WARN_DEPRECATED_OBJC_IMPLEMENTATIONS = YES;
				CLANG_WARN_DIRECT_OBJC_ISA_USAGE = YES_ERROR;
				CLANG_WARN_DOCUMENTATION_COMMENTS = YES;
				CLANG_WARN_EMPTY_BODY = YES;
				CLANG_WARN_ENUM_CONVERSION = YES;
				CLANG_WARN_INFINITE_RECURSION = YES;
				CLANG_WARN_INT_CONVERSION = YES;
				CLANG_WARN_NON_LITERAL_NULL_CONVERSION = YES;
				CLANG_WARN_OBJC_IMPLICIT_RETAIN_SELF = YES;
				CLANG_WARN_OBJC_LITERAL_CONVERSION = YES;
				CLANG_WARN_OBJC_ROOT_CLASS = YES_ERROR;
				CLANG_WARN_RANGE_LOOP_ANALYSIS = YES;
				CLANG_WARN_STRICT_PROTOTYPES = YES;
				CLANG_WARN_SUSPICIOUS_MOVE = YES;
				CLANG_WARN_UNGUARDED_AVAILABILITY = YES_AGGRESSIVE;
				CLANG_WARN_UNREACHABLE_CODE = YES;
				CLANG_WARN__DUPLICATE_METHOD_MATCH = YES;
				COPY_PHASE_STRIP = NO;
				DEBUG_INFORMATION_FORMAT = "dwarf-with-dsym";
				ENABLE_NS_ASSERTIONS = NO;
				ENABLE_STRICT_OBJC_MSGSEND = YES;
				GCC_C_LANGUAGE_STANDARD = gnu11;
				GCC_NO_COMMON_BLOCKS = YES;
				GCC_WARN_64_TO_32_BIT_CONVERSION = YES;
				GCC_WARN_ABOUT_RETURN_TYPE = YES_ERROR;
				GCC_WARN_UNDECLARED_SELECTOR = YES;
				GCC_WARN_UNINITIALIZED_AUTOS = YES_AGGRESSIVE;
				GCC_WARN_UNUSED_FUNCTION = YES;
				GCC_WARN_UNUSED_VARIABLE = YES;
				IPHONEOS_DEPLOYMENT_TARGET = 13.0;
				MTL_ENABLE_DEBUG_INFO = NO;
				MTL_FAST_MATH = YES;
				SDKROOT = iphoneos;
				SWIFT_COMPILATION_MODE = wholemodule;
				SWIFT_OPTIMIZATION_LEVEL = "-O";
				VALIDATE_PRODUCT = YES;
			};
			name = Release;
		};
		B9A64EE7234A90E100118FEA /* Debug */ = {
			isa = XCBuildConfiguration;
			baseConfigurationReference = 30F6F09534165CC07C315239 /* Pods-SuperBeans.debug.xcconfig */;
			buildSettings = {
				ASSETCATALOG_COMPILER_APPICON_NAME = AppIcon;
				CODE_SIGN_STYLE = Automatic;
				DEVELOPMENT_TEAM = QD7FMVCLYT;
				INFOPLIST_FILE = SuperBeans/Info.plist;
				LD_RUNPATH_SEARCH_PATHS = (
					"$(inherited)",
					"@executable_path/Frameworks",
				);
				PRODUCT_BUNDLE_IDENTIFIER = com.karlmcgeough.SuperBeans;
				PRODUCT_NAME = "$(TARGET_NAME)";
				SWIFT_VERSION = 5.0;
				TARGETED_DEVICE_FAMILY = 1;
			};
			name = Debug;
		};
		B9A64EE8234A90E100118FEA /* Release */ = {
			isa = XCBuildConfiguration;
			baseConfigurationReference = 57012F36449EBE8F29F6A745 /* Pods-SuperBeans.release.xcconfig */;
			buildSettings = {
				ASSETCATALOG_COMPILER_APPICON_NAME = AppIcon;
				CODE_SIGN_STYLE = Automatic;
				DEVELOPMENT_TEAM = QD7FMVCLYT;
				INFOPLIST_FILE = SuperBeans/Info.plist;
				LD_RUNPATH_SEARCH_PATHS = (
					"$(inherited)",
					"@executable_path/Frameworks",
				);
				PRODUCT_BUNDLE_IDENTIFIER = com.karlmcgeough.SuperBeans;
				PRODUCT_NAME = "$(TARGET_NAME)";
				SWIFT_VERSION = 5.0;
				TARGETED_DEVICE_FAMILY = 1;
			};
			name = Release;
		};
/* End XCBuildConfiguration section */

/* Begin XCConfigurationList section */
		B9A64ECD234A90DF00118FEA /* Build configuration list for PBXProject "SuperBeans" */ = {
			isa = XCConfigurationList;
			buildConfigurations = (
				B9A64EE4234A90E100118FEA /* Debug */,
				B9A64EE5234A90E100118FEA /* Release */,
			);
			defaultConfigurationIsVisible = 0;
			defaultConfigurationName = Release;
		};
		B9A64EE6234A90E100118FEA /* Build configuration list for PBXNativeTarget "SuperBeans" */ = {
			isa = XCConfigurationList;
			buildConfigurations = (
				B9A64EE7234A90E100118FEA /* Debug */,
				B9A64EE8234A90E100118FEA /* Release */,
			);
			defaultConfigurationIsVisible = 0;
			defaultConfigurationName = Release;
		};
/* End XCConfigurationList section */
	};
	rootObject = B9A64ECA234A90DF00118FEA /* Project object */;
}
